<?xml version="1.0" encoding="utf-8"?>
<Project ToolsVersion="4.0" xmlns="http://schemas.microsoft.com/developer/msbuild/2003">
  <ItemGroup>
    <Filter Include="ソース ファイル">
      <UniqueIdentifier>{4FC737F1-C7A5-4376-A066-2A32D752A2FF}</UniqueIdentifier>
      <Extensions>cpp;c;cc;cxx;def;odl;idl;hpj;bat;asm;asmx</Extensions>
    </Filter>
    <Filter Include="ヘッダー ファイル">
      <UniqueIdentifier>{93995380-89BD-4b04-88EB-625FBE52EBFB}</UniqueIdentifier>
      <Extensions>h;hh;hpp;hxx;hm;inl;inc;xsd</Extensions>
    </Filter>
    <Filter Include="リソース ファイル">
      <UniqueIdentifier>{67DA6AB6-F800-4c08-8B7A-83BB121AAD01}</UniqueIdentifier>
      <Extensions>rc;ico;cur;bmp;dlg;rc2;rct;bin;rgs;gif;jpg;jpeg;jpe;resx;tiff;tif;png;wav;mfcribbon-ms</Extensions>
    </Filter>
    <Filter Include="picture">
      <UniqueIdentifier>{3666fe7c-4e6d-43ef-8dab-40db35ce77d5}</UniqueIdentifier>
    </Filter>
    <Filter Include="enemy">
      <UniqueIdentifier>{45a91c19-b464-4446-9f8d-3dca5eba4e54}</UniqueIdentifier>
    </Filter>
    <Filter Include="stage">
      <UniqueIdentifier>{2e1e41f5-7d13-497e-bb1b-828626de8182}</UniqueIdentifier>
    </Filter>
  </ItemGroup>
  <ItemGroup>
    <ResourceCompile Include="ST_01.rc">
      <Filter>リソース ファイル</Filter>
    </ResourceCompile>
  </ItemGroup>
  <ItemGroup>
    <Image Include="icon1.ico">
      <Filter>リソース ファイル</Filter>
    </Image>
    <Image Include="datafile\title\title_back.png">
      <Filter>picture</Filter>
    </Image>
    <Image Include="datafile\title\title_copyright.png">
      <Filter>picture</Filter>
    </Image>
    <Image Include="datafile\title\title_logo.png">
      <Filter>picture</Filter>
    </Image>
    <Image Include="datafile\title\title_menu.png">
      <Filter>picture</Filter>
    </Image>
    <Image Include="datafile\player\player-slow-eff.png">
      <Filter>picture</Filter>
    </Image>
    <Image Include="datafile\player\player01\option.png">
      <Filter>picture</Filter>
    </Image>
    <Image Include="datafile\player\player01\optionshot.png">
      <Filter>picture</Filter>
    </Image>
    <Image Include="datafile\player\player01\player.png">
      <Filter>picture</Filter>
    </Image>
    <Image Include="datafile\player\player01\shot.png">
      <Filter>picture</Filter>
    </Image>
    <Image Include="datafile\front\front_bomb.png">
      <Filter>picture</Filter>
    </Image>
    <Image Include="datafile\front\front_enemymarker.png">
      <Filter>picture</Filter>
    </Image>
    <Image Include="datafile\front\front_front.png">
      <Filter>picture</Filter>
    </Image>
    <Image Include="datafile\front\front_graze.png">
      <Filter>picture</Filter>
    </Image>
    <Image Include="datafile\front\front_hiscore.png">
      <Filter>picture</Filter>
    </Image>
    <Image Include="datafile\front\front_life.png">
      <Filter>picture</Filter>
    </Image>
    <Image Include="datafile\front\front_player.png">
      <Filter>picture</Filter>
    </Image>
    <Image Include="datafile\front\front_point.png">
      <Filter>picture</Filter>
    </Image>
    <Image Include="datafile\front\front_power.png">
      <Filter>picture</Filter>
    </Image>
    <Image Include="datafile\front\front_score.png">
      <Filter>picture</Filter>
    </Image>
    <Image Include="datafile\front\front_star.png">
      <Filter>picture</Filter>
    </Image>
    <Image Include="datafile\enemy\enemy1_b.dds">
      <Filter>picture</Filter>
    </Image>
    <Image Include="datafile\enemy\enemy1_r.dds">
      <Filter>picture</Filter>
    </Image>
    <Image Include="datafile\bullet\red\2.png">
      <Filter>picture</Filter>
    </Image>
    <Image Include="datafile\bullet\red\3.png">
      <Filter>picture</Filter>
    </Image>
    <Image Include="datafile\bullet\red\4.png">
      <Filter>picture</Filter>
    </Image>
    <Image Include="datafile\bullet\red\7.png">
      <Filter>picture</Filter>
    </Image>
    <Image Include="datafile\bullet\red\8.png">
      <Filter>picture</Filter>
    </Image>
    <Image Include="datafile\bullet\red\9.png">
      <Filter>picture</Filter>
    </Image>
    <Image Include="datafile\bullet\red\10.png">
      <Filter>picture</Filter>
    </Image>
    <Image Include="datafile\bullet\red\12.png">
      <Filter>picture</Filter>
    </Image>
    <Image Include="datafile\bullet\red\13.png">
      <Filter>picture</Filter>
    </Image>
    <Image Include="datafile\bullet\red\20.png">
      <Filter>picture</Filter>
    </Image>
    <Image Include="datafile\bullet\red\25.png">
      <Filter>picture</Filter>
    </Image>
    <Image Include="datafile\enemy\b_meido.dds">
      <Filter>enemy</Filter>
    </Image>
    <Image Include="datafile\enemy\r_meido.dds">
      <Filter>enemy</Filter>
    </Image>
    <Image Include="source\dummy.dds">
      <Filter>enemy</Filter>
    </Image>
  </ItemGroup>
  <ItemGroup>
    <ClCompile Include="datafile\source\bullet.cpp">
      <Filter>ソース ファイル</Filter>
    </ClCompile>
    <ClCompile Include="datafile\source\bullet_graphic.cpp">
      <Filter>ソース ファイル</Filter>
    </ClCompile>
    <ClCompile Include="datafile\source\enemy.cpp">
      <Filter>ソース ファイル</Filter>
    </ClCompile>
    <ClCompile Include="datafile\source\enemy_shot.cpp">
      <Filter>ソース ファイル</Filter>
    </ClCompile>
    <ClCompile Include="datafile\source\font.cpp">
      <Filter>ソース ファイル</Filter>
    </ClCompile>
    <ClCompile Include="datafile\source\front.cpp">
      <Filter>ソース ファイル</Filter>
    </ClCompile>
    <ClCompile Include="datafile\source\func.cpp">
      <Filter>ソース ファイル</Filter>
    </ClCompile>
    <ClCompile Include="datafile\source\main.cpp">
      <Filter>ソース ファイル</Filter>
    </ClCompile>
    <ClCompile Include="datafile\source\player01.cpp">
      <Filter>ソース ファイル</Filter>
    </ClCompile>
    <ClCompile Include="datafile\source\sound.cpp">
      <Filter>ソース ファイル</Filter>
    </ClCompile>
    <ClCompile Include="datafile\source\stage.cpp">
      <Filter>ソース ファイル</Filter>
    </ClCompile>
  </ItemGroup>
  <ItemGroup>
    <ClInclude Include="datafile\source\bullet.h">
      <Filter>ヘッダー ファイル</Filter>
    </ClInclude>
    <ClInclude Include="datafile\source\class_admin.h">
      <Filter>ヘッダー ファイル</Filter>
    </ClInclude>
    <ClInclude Include="datafile\source\define.h">
      <Filter>ヘッダー ファイル</Filter>
    </ClInclude>
    <ClInclude Include="datafile\source\enemy.h">
      <Filter>ヘッダー ファイル</Filter>
    </ClInclude>
    <ClInclude Include="datafile\source\font.h">
      <Filter>ヘッダー ファイル</Filter>
    </ClInclude>
    <ClInclude Include="datafile\source\front.h">
      <Filter>ヘッダー ファイル</Filter>
    </ClInclude>
    <ClInclude Include="datafile\source\func.h">
      <Filter>ヘッダー ファイル</Filter>
    </ClInclude>
    <ClInclude Include="datafile\source\player.h">
      <Filter>ヘッダー ファイル</Filter>
    </ClInclude>
    <ClInclude Include="datafile\source\player01.h">
      <Filter>ヘッダー ファイル</Filter>
    </ClInclude>
    <ClInclude Include="datafile\source\sol.hpp">
      <Filter>ヘッダー ファイル</Filter>
    </ClInclude>
    <ClInclude Include="datafile\source\sound.h">
      <Filter>ヘッダー ファイル</Filter>
    </ClInclude>
    <ClInclude Include="datafile\source\stage.h">
      <Filter>ヘッダー ファイル</Filter>
    </ClInclude>
  </ItemGroup>
</Project>